// !$*UTF8*$!
{
	archiveVersion = 1;
	classes = {
	};
	objectVersion = 55;
	objects = {

/* Begin PBXBuildFile section */
		50CC7C822806090D000C6F64 /* main.c in Sources */ = {isa = PBXBuildFile; fileRef = 50CC7C812806090D000C6F64 /* main.c */; };
		50CC7C8B28061AC4000C6F64 /* repository.c in Sources */ = {isa = PBXBuildFile; fileRef = 50CC7C8A28061AC4000C6F64 /* repository.c */; };
/* End PBXBuildFile section */

/* Begin PBXCopyFilesBuildPhase section */
		50CC7C7C2806090D000C6F64 /* CopyFiles */ = {
			isa = PBXCopyFilesBuildPhase;
			buildActionMask = 2147483647;
			dstPath = /usr/share/man/man1/;
			dstSubfolderSpec = 0;
			files = (
			);
			runOnlyForDeploymentPostprocessing = 1;
		};
/* End PBXCopyFilesBuildPhase section */

/* Begin PBXFileReference section */
		50CC7C7E2806090D000C6F64 /* KP6 */ = {isa = PBXFileReference; explicitFileType = "compiled.mach-o.executable"; includeInIndex = 0; path = KP6; sourceTree = BUILT_PRODUCTS_DIR; };
		50CC7C812806090D000C6F64 /* main.c */ = {isa = PBXFileReference; lastKnownFileType = sourcecode.c.c; path = main.c; sourceTree = "<group>"; };
		50CC7C8928060CF0000C6F64 /* repository.h */ = {isa = PBXFileReference; lastKnownFileType = sourcecode.c.h; path = repository.h; sourceTree = "<group>"; };
		50CC7C8A28061AC4000C6F64 /* repository.c */ = {isa = PBXFileReference; lastKnownFileType = sourcecode.c.c; path = repository.c; sourceTree = "<group>"; };
		50CC7C8C28062BE1000C6F64 /* BD.bin */ = {isa = PBXFileReference; lastKnownFileType = archive.macbinary; path = BD.bin; sourceTree = "<group>"; };
		50E12554280649D20031BBA7 /* create.c */ = {isa = PBXFileReference; lastKnownFileType = sourcecode.c.c; path = create.c; sourceTree = "<group>"; };
		50E1256428064D340031BBA7 /* print.c */ = {isa = PBXFileReference; lastKnownFileType = sourcecode.c.c; path = print.c; sourceTree = "<group>"; };
		50E125672806576D0031BBA7 /* modifying.c */ = {isa = PBXFileReference; lastKnownFileType = sourcecode.c.c; path = modifying.c; sourceTree = "<group>"; };
		50E125692806660D0031BBA7 /* analysis.c */ = {isa = PBXFileReference; lastKnownFileType = sourcecode.c.c; path = analysis.c; sourceTree = "<group>"; };
/* End PBXFileReference section */

/* Begin PBXFrameworksBuildPhase section */
		50CC7C7B2806090D000C6F64 /* Frameworks */ = {
			isa = PBXFrameworksBuildPhase;
			buildActionMask = 2147483647;
			files = (
			);
			runOnlyForDeploymentPostprocessing = 0;
		};
/* End PBXFrameworksBuildPhase section */

/* Begin PBXGroup section */
		50CC7C752806090D000C6F64 = {
			isa = PBXGroup;
			children = (
				50CC7C802806090D000C6F64 /* KP6 */,
				50CC7C7F2806090D000C6F64 /* Products */,
			);
			sourceTree = "<group>";
		};
		50CC7C7F2806090D000C6F64 /* Products */ = {
			isa = PBXGroup;
			children = (
				50CC7C7E2806090D000C6F64 /* KP6 */,
			);
			name = Products;
			sourceTree = "<group>";
		};
		50CC7C802806090D000C6F64 /* KP6 */ = {
			isa = PBXGroup;
			children = (
				50CC7C812806090D000C6F64 /* main.c */,
				50CC7C8928060CF0000C6F64 /* repository.h */,
				50CC7C8A28061AC4000C6F64 /* repository.c */,
				50CC7C8C28062BE1000C6F64 /* BD.bin */,
				50E12554280649D20031BBA7 /* create.c */,
				50E1256428064D340031BBA7 /* print.c */,
				50E125672806576D0031BBA7 /* modifying.c */,
				50E125692806660D0031BBA7 /* analysis.c */,
			);
			path = KP6;
			sourceTree = "<group>";
		};
/* End PBXGroup section */

/* Begin PBXNativeTarget section */
		50CC7C7D2806090D000C6F64 /* KP6 */ = {
			isa = PBXNativeTarget;
			buildConfigurationList = 50CC7C852806090D000C6F64 /* Build configuration list for PBXNativeTarget "KP6" */;
			buildPhases = (
				50CC7C7A2806090D000C6F64 /* Sources */,
				50CC7C7B2806090D000C6F64 /* Frameworks */,
				50CC7C7C2806090D000C6F64 /* CopyFiles */,
				50E12568280663510031BBA7 /* ShellScript */,
			);
			buildRules = (
			);
			dependencies = (
			);
			name = KP6;
			productName = KP6;
			productReference = 50CC7C7E2806090D000C6F64 /* KP6 */;
			productType = "com.apple.product-type.tool";
		};
/* End PBXNativeTarget section */

/* Begin PBXProject section */
		50CC7C762806090D000C6F64 /* Project object */ = {
			isa = PBXProject;
			attributes = {
				BuildIndependentTargetsInParallel = 1;
				LastUpgradeCheck = 1320;
				TargetAttributes = {
					50CC7C7D2806090D000C6F64 = {
						CreatedOnToolsVersion = 13.2.1;
					};
				};
			};
			buildConfigurationList = 50CC7C792806090D000C6F64 /* Build configuration list for PBXProject "KP6" */;
			compatibilityVersion = "Xcode 13.0";
			developmentRegion = en;
			hasScannedForEncodings = 0;
			knownRegions = (
				en,
				Base,
			);
			mainGroup = 50CC7C752806090D000C6F64;
			productRefGroup = 50CC7C7F2806090D000C6F64 /* Products */;
			projectDirPath = "";
			projectRoot = "";
			targets = (
				50CC7C7D2806090D000C6F64 /* KP6 */,
			);
		};
/* End PBXProject section */

/* Begin PBXShellScriptBuildPhase section */
		50E12568280663510031BBA7 /* ShellScript */ = {
			isa = PBXShellScriptBuildPhase;
			buildActionMask = 2147483647;
			files = (
			);
			inputFileListPaths = (
			);
			inputPaths = (
			);
			outputFileListPaths = (
			);
			outputPaths = (
			);
			runOnlyForDeploymentPostprocessing = 0;
			shellPath = /bin/sh;
			shellScript = "# Type a script or drag a script file from your workspace to insert its path.\n";
		};
/* End PBXShellScriptBuildPhase section */

/* Begin PBXSourcesBuildPhase section */
		50CC7C7A2806090D000C6F64 /* Sources */ = {
			isa = PBXSourcesBuildPhase;
			buildActionMask = 2147483647;
			files = (
				50CC7C822806090D000C6F64 /* main.c in Sources */,
				50CC7C8B28061AC4000C6F64 /* repository.c in Sources */,
			);
			runOnlyForDeploymentPostprocessing = 0;
		};
/* End PBXSourcesBuildPhase section */

/* Begin XCBuildConfiguration section */
		50CC7C832806090D000C6F64 /* Debug */ = {
			isa = XCBuildConfiguration;
			buildSettings = {
				ALWAYS_SEARCH_USER_PATHS = NO;
				CLANG_ANALYZER_NONNULL = YES;
				CLANG_ANALYZER_NUMBER_OBJECT_CONVERSION = YES_AGGRESSIVE;
				CLANG_CXX_LANGUAGE_STANDARD = "gnu++17";
				CLANG_CXX_LIBRARY = "libc++";
				CLANG_ENABLE_MODULES = YES;
				CLANG_ENABLE_OBJC_ARC = YES;
				CLANG_ENABLE_OBJC_WEAK = YES;
				CLANG_WARN_BLOCK_CAPTURE_AUTORELEASING = YES;
				CLANG_WARN_BOOL_CONVERSION = YES;
				CLANG_WARN_COMMA = YES;
				CLANG_WARN_CONSTANT_CONVERSION = YES;
				CLANG_WARN_DEPRECATED_OBJC_IMPLEMENTATIONS = YES;
				CLANG_WARN_DIRECT_OBJC_ISA_USAGE = YES_ERROR;
				CLANG_WARN_DOCUMENTATION_COMMENTS = YES;
				CLANG_WARN_EMPTY_BODY = YES;
				CLANG_WARN_ENUM_CONVERSION = YES;
				CLANG_WARN_INFINITE_RECURSION = YES;
				CLANG_WARN_INT_CONVERSION = YES;
				CLANG_WARN_NON_LITERAL_NULL_CONVERSION = YES;
				CLANG_WARN_OBJC_IMPLICIT_RETAIN_SELF = YES;
				CLANG_WARN_OBJC_LITERAL_CONVERSION = YES;
				CLANG_WARN_OBJC_ROOT_CLASS = YES_ERROR;
				CLANG_WARN_QUOTED_INCLUDE_IN_FRAMEWORK_HEADER = YES;
				CLANG_WARN_RANGE_LOOP_ANALYSIS = YES;
				CLANG_WARN_STRICT_PROTOTYPES = YES;
				CLANG_WARN_SUSPICIOUS_MOVE = YES;
				CLANG_WARN_UNGUARDED_AVAILABILITY = YES_AGGRESSIVE;
				CLANG_WARN_UNREACHABLE_CODE = YES;
				CLANG_WARN__DUPLICATE_METHOD_MATCH = YES;
				COPY_PHASE_STRIP = NO;
				DEBUG_INFORMATION_FORMAT = dwarf;
				ENABLE_STRICT_OBJC_MSGSEND = YES;
				ENABLE_TESTABILITY = YES;
				GCC_C_LANGUAGE_STANDARD = gnu11;
				GCC_DYNAMIC_NO_PIC = NO;
				GCC_NO_COMMON_BLOCKS = YES;
				GCC_OPTIMIZATION_LEVEL = 0;
				GCC_PREPROCESSOR_DEFINITIONS = (
					"DEBUG=1",
					"$(inherited)",
				);
				GCC_WARN_64_TO_32_BIT_CONVERSION = YES;
				GCC_WARN_ABOUT_RETURN_TYPE = YES_ERROR;
				GCC_WARN_UNDECLARED_SELECTOR = YES;
				GCC_WARN_UNINITIALIZED_AUTOS = YES_AGGRESSIVE;
				GCC_WARN_UNUSED_FUNCTION = YES;
				GCC_WARN_UNUSED_VARIABLE = YES;
				MACOSX_DEPLOYMENT_TARGET = 12.1;
				MTL_ENABLE_DEBUG_INFO = INCLUDE_SOURCE;
				MTL_FAST_MATH = YES;
				ONLY_ACTIVE_ARCH = YES;
				SDKROOT = macosx;
			};
			name = Debug;
		};
		50CC7C842806090D000C6F64 /* Release */ = {
			isa = XCBuildConfiguration;
			buildSettings = {
				ALWAYS_SEARCH_USER_PATHS = NO;
				CLANG_ANALYZER_NONNULL = YES;
				CLANG_ANALYZER_NUMBER_OBJECT_CONVERSION = YES_AGGRESSIVE;
				CLANG_CXX_LANGUAGE_STANDARD = "gnu++17";
				CLANG_CXX_LIBRARY = "libc++";
				CLANG_ENABLE_MODULES = YES;
				CLANG_ENABLE_OBJC_ARC = YES;
				CLANG_ENABLE_OBJC_WEAK = YES;
				CLANG_WARN_BLOCK_CAPTURE_AUTORELEASING = YES;
				CLANG_WARN_BOOL_CONVERSION = YES;
				CLANG_WARN_COMMA = YES;
				CLANG_WARN_CONSTANT_CONVERSION = YES;
				CLANG_WARN_DEPRECATED_OBJC_IMPLEMENTATIONS = YES;
				CLANG_WARN_DIRECT_OBJC_ISA_USAGE = YES_ERROR;
				CLANG_WARN_DOCUMENTATION_COMMENTS = YES;
				CLANG_WARN_EMPTY_BODY = YES;
				CLANG_WARN_ENUM_CONVERSION = YES;
				CLANG_WARN_INFINITE_RECURSION = YES;
				CLANG_WARN_INT_CONVERSION = YES;
				CLANG_WARN_NON_LITERAL_NULL_CONVERSION = YES;
				CLANG_WARN_OBJC_IMPLICIT_RETAIN_SELF = YES;
				CLANG_WARN_OBJC_LITERAL_CONVERSION = YES;
				CLANG_WARN_OBJC_ROOT_CLASS = YES_ERROR;
				CLANG_WARN_QUOTED_INCLUDE_IN_FRAMEWORK_HEADER = YES;
				CLANG_WARN_RANGE_LOOP_ANALYSIS = YES;
				CLANG_WARN_STRICT_PROTOTYPES = YES;
				CLANG_WARN_SUSPICIOUS_MOVE = YES;
				CLANG_WARN_UNGUARDED_AVAILABILITY = YES_AGGRESSIVE;
				CLANG_WARN_UNREACHABLE_CODE = YES;
				CLANG_WARN__DUPLICATE_METHOD_MATCH = YES;
				COPY_PHASE_STRIP = NO;
				DEBUG_INFORMATION_FORMAT = "dwarf-with-dsym";
				ENABLE_NS_ASSERTIONS = NO;
				ENABLE_STRICT_OBJC_MSGSEND = YES;
				GCC_C_LANGUAGE_STANDARD = gnu11;
				GCC_NO_COMMON_BLOCKS = YES;
				GCC_WARN_64_TO_32_BIT_CONVERSION = YES;
				GCC_WARN_ABOUT_RETURN_TYPE = YES_ERROR;
				GCC_WARN_UNDECLARED_SELECTOR = YES;
				GCC_WARN_UNINITIALIZED_AUTOS = YES_AGGRESSIVE;
				GCC_WARN_UNUSED_FUNCTION = YES;
				GCC_WARN_UNUSED_VARIABLE = YES;
				MACOSX_DEPLOYMENT_TARGET = 12.1;
				MTL_ENABLE_DEBUG_INFO = NO;
				MTL_FAST_MATH = YES;
				SDKROOT = macosx;
			};
			name = Release;
		};
		50CC7C862806090D000C6F64 /* Debug */ = {
			isa = XCBuildConfiguration;
			buildSettings = {
				CODE_SIGN_STYLE = Automatic;
				DEVELOPMENT_TEAM = 234L5553SD;
				ENABLE_HARDENED_RUNTIME = YES;
				PRODUCT_NAME = "$(TARGET_NAME)";
			};
			name = Debug;
		};
		50CC7C872806090D000C6F64 /* Release */ = {
			isa = XCBuildConfiguration;
			buildSettings = {
				CODE_SIGN_STYLE = Automatic;
				DEVELOPMENT_TEAM = 234L5553SD;
				ENABLE_HARDENED_RUNTIME = YES;
				PRODUCT_NAME = "$(TARGET_NAME)";
			};
			name = Release;
		};
/* End XCBuildConfiguration section */

/* Begin XCConfigurationList section */
		50CC7C792806090D000C6F64 /* Build configuration list for PBXProject "KP6" */ = {
			isa = XCConfigurationList;
			buildConfigurations = (
				50CC7C832806090D000C6F64 /* Debug */,
				50CC7C842806090D000C6F64 /* Release */,
			);
			defaultConfigurationIsVisible = 0;
			defaultConfigurationName = Release;
		};
		50CC7C852806090D000C6F64 /* Build configuration list for PBXNativeTarget "KP6" */ = {
			isa = XCConfigurationList;
			buildConfigurations = (
				50CC7C862806090D000C6F64 /* Debug */,
				50CC7C872806090D000C6F64 /* Release */,
			);
			defaultConfigurationIsVisible = 0;
			defaultConfigurationName = Release;
		};
/* End XCConfigurationList section */
	};
	rootObject = 50CC7C762806090D000C6F64 /* Project object */;
}
